{
    "requires": true,
    "lockfileVersion": 1,
    "dependencies": {
        "laravel-echo": {
            "version": "1.6.1",
            "resolved": "https://registry.npmjs.org/laravel-echo/-/laravel-echo-1.6.1.tgz",
            "integrity": "sha512-Nj+vg6IwnXh65Oe+HrIrjOFX5xwR1ln9YgdxPWzuYNOuvT4ZimhkmIe5jb7D3muBPVRUoOY9W4c6YgJ4L0L6+Q=="
        },
        "pusher-js": {
            "version": "5.0.3",
            "resolved": "https://registry.npmjs.org/pusher-js/-/pusher-js-5.0.3.tgz",
            "integrity": "sha512-vbaflcd8LYaErJ0LrXZyLQ+meMuD3N2kl9hXUrj22VZLsKyfRFbXS3eCb6/2erQLFeHcnbkWPyBvxya+706+zw=="
        }
    }
}
